
Microsoft Visual Studio Solution File, Format Version 12.00
# Visual Studio Version 16
VisualStudioVersion = 16.0.31911.196
MinimumVisualStudioVersion = 10.0.40219.1
Project("{FAE04EC0-301F-11D3-BF4B-00C04F79EFBC}") = "RandomArmyGenerator", "RandomArmyGenerator.csproj", "{D829EC0F-016C-4968-BF60-CF041FFC4473}"
EndProject
Global
	GlobalSection(SolutionConfigurationPlatforms) = preSolution
		Debug|Any CPU = Debug|Any CPU
		Release|Any CPU = Release|Any CPU
	EndGlobalSection
	GlobalSection(ProjectConfigurationPlatforms) = postSolution
		{D829EC0F-016C-4968-BF60-CF041FFC4473}.Debug|Any CPU.ActiveCfg = Debug|Any CPU
		{D829EC0F-016C-4968-BF60-CF041FFC4473}.Debug|Any CPU.Build.0 = Debug|Any CPU
		{D829EC0F-016C-4968-BF60-CF041FFC4473}.Release|Any CPU.ActiveCfg = Release|Any CPU
		{D829EC0F-016C-4968-BF60-CF041FFC4473}.Release|Any CPU.Build.0 = Release|Any CPU
	EndGlobalSection
	GlobalSection(SolutionProperties) = preSolution
		HideSolutionNode = FALSE
	EndGlobalSection
	GlobalSection(ExtensibilityGlobals) = postSolution
		SolutionGuid = {AF0625B3-A1F9-4949-AEF5-E43837AE2539}
	EndGlobalSection
EndGlobal
